
Microsoft Visual Studio Solution File, Format Version 12.00
# Visual Studio 14
VisualStudioVersion = 14.0.25420.1
MinimumVisualStudioVersion = 10.0.40219.1
Project("{FAE04EC0-301F-11D3-BF4B-00C04F79EFBC}") = "ConsoleApplication", "ConsoleApplication\ConsoleApplication.csproj", "{14E70B8B-CFE3-4EA3-B31E-AE119381DE0E}"
EndProject
Project("{FAE04EC0-301F-11D3-BF4B-00C04F79EFBC}") = "Poloniex.Data", "Poloniex.Data\Poloniex.Data.csproj", "{7C6EBDE0-193C-46C1-B45C-9E6218A9D7D9}"
EndProject
Project("{FAE04EC0-301F-11D3-BF4B-00C04F79EFBC}") = "Poloniex.Service", "Poloniex.Service\Poloniex.Service.csproj", "{34C07BEF-5906-4771-A4E6-F9CAF9B59EFA}"
EndProject
Project("{FAE04EC0-301F-11D3-BF4B-00C04F79EFBC}") = "Poloniex.Presentation", "Poloniex.Presentation\Poloniex.Presentation.csproj", "{7B495B0F-7A34-4225-8F5C-2C6A4BE9F8C2}"
EndProject
Project("{FAE04EC0-301F-11D3-BF4B-00C04F79EFBC}") = "Poloniex.Presentation.Tests", "Poloniex.Presentation.Tests\Poloniex.Presentation.Tests.csproj", "{7381D46B-345E-4844-9F87-ED383F4EFFC7}"
EndProject
Project("{FAE04EC0-301F-11D3-BF4B-00C04F79EFBC}") = "Poloniex.Core", "Poloniex.Core\Poloniex.Core.csproj", "{E2A3643E-A2F5-4B9F-AB53-5ABF9150B7B0}"
EndProject
Project("{FAE04EC0-301F-11D3-BF4B-00C04F79EFBC}") = "Poloniex.Api", "Poloniex.Api\Poloniex.Api.csproj", "{0332F4CC-973C-4C16-A9F2-67AFDCFE85AE}"
EndProject
Global
	GlobalSection(SolutionConfigurationPlatforms) = preSolution
		Debug|Any CPU = Debug|Any CPU
		Release|Any CPU = Release|Any CPU
	EndGlobalSection
	GlobalSection(ProjectConfigurationPlatforms) = postSolution
		{14E70B8B-CFE3-4EA3-B31E-AE119381DE0E}.Debug|Any CPU.ActiveCfg = Debug|Any CPU
		{14E70B8B-CFE3-4EA3-B31E-AE119381DE0E}.Debug|Any CPU.Build.0 = Debug|Any CPU
		{14E70B8B-CFE3-4EA3-B31E-AE119381DE0E}.Release|Any CPU.ActiveCfg = Release|Any CPU
		{14E70B8B-CFE3-4EA3-B31E-AE119381DE0E}.Release|Any CPU.Build.0 = Release|Any CPU
		{7C6EBDE0-193C-46C1-B45C-9E6218A9D7D9}.Debug|Any CPU.ActiveCfg = Debug|Any CPU
		{7C6EBDE0-193C-46C1-B45C-9E6218A9D7D9}.Debug|Any CPU.Build.0 = Debug|Any CPU
		{7C6EBDE0-193C-46C1-B45C-9E6218A9D7D9}.Release|Any CPU.ActiveCfg = Release|Any CPU
		{7C6EBDE0-193C-46C1-B45C-9E6218A9D7D9}.Release|Any CPU.Build.0 = Release|Any CPU
		{34C07BEF-5906-4771-A4E6-F9CAF9B59EFA}.Debug|Any CPU.ActiveCfg = Debug|Any CPU
		{34C07BEF-5906-4771-A4E6-F9CAF9B59EFA}.Debug|Any CPU.Build.0 = Debug|Any CPU
		{34C07BEF-5906-4771-A4E6-F9CAF9B59EFA}.Release|Any CPU.ActiveCfg = Release|Any CPU
		{34C07BEF-5906-4771-A4E6-F9CAF9B59EFA}.Release|Any CPU.Build.0 = Release|Any CPU
		{7B495B0F-7A34-4225-8F5C-2C6A4BE9F8C2}.Debug|Any CPU.ActiveCfg = Debug|Any CPU
		{7B495B0F-7A34-4225-8F5C-2C6A4BE9F8C2}.Debug|Any CPU.Build.0 = Debug|Any CPU
		{7B495B0F-7A34-4225-8F5C-2C6A4BE9F8C2}.Release|Any CPU.ActiveCfg = Release|Any CPU
		{7B495B0F-7A34-4225-8F5C-2C6A4BE9F8C2}.Release|Any CPU.Build.0 = Release|Any CPU
		{7381D46B-345E-4844-9F87-ED383F4EFFC7}.Debug|Any CPU.ActiveCfg = Debug|Any CPU
		{7381D46B-345E-4844-9F87-ED383F4EFFC7}.Debug|Any CPU.Build.0 = Debug|Any CPU
		{7381D46B-345E-4844-9F87-ED383F4EFFC7}.Release|Any CPU.ActiveCfg = Release|Any CPU
		{7381D46B-345E-4844-9F87-ED383F4EFFC7}.Release|Any CPU.Build.0 = Release|Any CPU
		{E2A3643E-A2F5-4B9F-AB53-5ABF9150B7B0}.Debug|Any CPU.ActiveCfg = Debug|Any CPU
		{E2A3643E-A2F5-4B9F-AB53-5ABF9150B7B0}.Debug|Any CPU.Build.0 = Debug|Any CPU
		{E2A3643E-A2F5-4B9F-AB53-5ABF9150B7B0}.Release|Any CPU.ActiveCfg = Release|Any CPU
		{E2A3643E-A2F5-4B9F-AB53-5ABF9150B7B0}.Release|Any CPU.Build.0 = Release|Any CPU
		{0332F4CC-973C-4C16-A9F2-67AFDCFE85AE}.Debug|Any CPU.ActiveCfg = Debug|Any CPU
		{0332F4CC-973C-4C16-A9F2-67AFDCFE85AE}.Debug|Any CPU.Build.0 = Debug|Any CPU
		{0332F4CC-973C-4C16-A9F2-67AFDCFE85AE}.Release|Any CPU.ActiveCfg = Release|Any CPU
		{0332F4CC-973C-4C16-A9F2-67AFDCFE85AE}.Release|Any CPU.Build.0 = Release|Any CPU
	EndGlobalSection
	GlobalSection(SolutionProperties) = preSolution
		HideSolutionNode = FALSE
	EndGlobalSection
EndGlobal
